
Microsoft Visual Studio Solution File, Format Version 12.00
# Visual Studio Version 17
VisualStudioVersion = 17.3.32825.248
MinimumVisualStudioVersion = 10.0.40219.1
Project("{8BC9CEB8-8B4A-11D0-8D11-00A0C91BC942}") = "Project_0208", "Project_0208\Project_0208.vcxproj", "{1630DD94-0373-4A8B-9DFA-13BE72078CED}"
EndProject
Global
	GlobalSection(SolutionConfigurationPlatforms) = preSolution
		Debug|x64 = Debug|x64
		Debug|x86 = Debug|x86
		Release|x64 = Release|x64
		Release|x86 = Release|x86
	EndGlobalSection
	GlobalSection(ProjectConfigurationPlatforms) = postSolution
		{1630DD94-0373-4A8B-9DFA-13BE72078CED}.Debug|x64.ActiveCfg = Debug|x64
		{1630DD94-0373-4A8B-9DFA-13BE72078CED}.Debug|x64.Build.0 = Debug|x64
		{1630DD94-0373-4A8B-9DFA-13BE72078CED}.Debug|x86.ActiveCfg = Debug|Win32
		{1630DD94-0373-4A8B-9DFA-13BE72078CED}.Debug|x86.Build.0 = Debug|Win32
		{1630DD94-0373-4A8B-9DFA-13BE72078CED}.Release|x64.ActiveCfg = Release|x64
		{1630DD94-0373-4A8B-9DFA-13BE72078CED}.Release|x64.Build.0 = Release|x64
		{1630DD94-0373-4A8B-9DFA-13BE72078CED}.Release|x86.ActiveCfg = Release|Win32
		{1630DD94-0373-4A8B-9DFA-13BE72078CED}.Release|x86.Build.0 = Release|Win32
	EndGlobalSection
	GlobalSection(SolutionProperties) = preSolution
		HideSolutionNode = FALSE
	EndGlobalSection
	GlobalSection(ExtensibilityGlobals) = postSolution
		SolutionGuid = {193E2A04-55F4-4528-A5EE-DD063F912B71}
	EndGlobalSection
EndGlobal
